
Microsoft Visual Studio Solution File, Format Version 12.00
Project("{FAE04EC0-301F-11D3-BF4B-00C04F79EFBC}") = "WebApplication1", "WebApplication1\WebApplication1.csproj", "{F34E2586-E363-4236-ADAA-4070ABF7E90D}"
EndProject
Global
	GlobalSection(SolutionConfigurationPlatforms) = preSolution
		Debug|Any CPU = Debug|Any CPU
		Release|Any CPU = Release|Any CPU
	EndGlobalSection
	GlobalSection(ProjectConfigurationPlatforms) = postSolution
		{F34E2586-E363-4236-ADAA-4070ABF7E90D}.Debug|Any CPU.ActiveCfg = Debug|Any CPU
		{F34E2586-E363-4236-ADAA-4070ABF7E90D}.Debug|Any CPU.Build.0 = Debug|Any CPU
		{F34E2586-E363-4236-ADAA-4070ABF7E90D}.Release|Any CPU.ActiveCfg = Release|Any CPU
		{F34E2586-E363-4236-ADAA-4070ABF7E90D}.Release|Any CPU.Build.0 = Release|Any CPU
	EndGlobalSection
EndGlobal
